// !$*UTF8*$!
{
	archiveVersion = 1;
	classes = {
	};
	objectVersion = 77;
	objects = {

/* Begin PBXBuildFile section */
		2125C6BA2CAE8CAA007F99F0 /* Preview Assets.xcassets in Resources */ = {isa = PBXBuildFile; fileRef = 2125C69D2CAE8CAA007F99F0 /* Preview Assets.xcassets */; };
		2125C6BB2CAE8CAA007F99F0 /* Assets.xcassets in Resources */ = {isa = PBXBuildFile; fileRef = 2125C69F2CAE8CAA007F99F0 /* Assets.xcassets */; };
		2125C6BC2CAE8CAA007F99F0 /* Constants.swift in Sources */ = {isa = PBXBuildFile; fileRef = 2125C6A12CAE8CAA007F99F0 /* Constants.swift */; };
		2125C6BD2CAE8CAA007F99F0 /* _024_MacC_M4_6princessApp.swift in Sources */ = {isa = PBXBuildFile; fileRef = 2125C6A42CAE8CAA007F99F0 /* _024_MacC_M4_6princessApp.swift */; };
		2125C6BE2CAE8CAA007F99F0 /* Model.swift in Sources */ = {isa = PBXBuildFile; fileRef = 2125C6A62CAE8CAA007F99F0 /* Model.swift */; };
		2125C6BF2CAE8CAA007F99F0 /* CameraView.swift in Sources */ = {isa = PBXBuildFile; fileRef = 2125C6A82CAE8CAA007F99F0 /* CameraView.swift */; };
		2125C6C02CAE8CAA007F99F0 /* DFView.swift in Sources */ = {isa = PBXBuildFile; fileRef = 2125C6AA2CAE8CAA007F99F0 /* DFView.swift */; };
		2125C6C12CAE8CAA007F99F0 /* IEDevelopView.swift in Sources */ = {isa = PBXBuildFile; fileRef = 2125C6AC2CAE8CAA007F99F0 /* IEDevelopView.swift */; };
		2125C6C22CAE8CAA007F99F0 /* IEMagnifyGestureTestView.swift in Sources */ = {isa = PBXBuildFile; fileRef = 2125C6AD2CAE8CAA007F99F0 /* IEMagnifyGestureTestView.swift */; };
		2125C6C32CAE8CAA007F99F0 /* IERatioChangeTestView.swift in Sources */ = {isa = PBXBuildFile; fileRef = 2125C6AE2CAE8CAA007F99F0 /* IERatioChangeTestView.swift */; };
		2125C6C42CAE8CAA007F99F0 /* IETestStack.swift in Sources */ = {isa = PBXBuildFile; fileRef = 2125C6AF2CAE8CAA007F99F0 /* IETestStack.swift */; };
		2125C6C52CAE8CAA007F99F0 /* IEView.swift in Sources */ = {isa = PBXBuildFile; fileRef = 2125C6B02CAE8CAA007F99F0 /* IEView.swift */; };
		2125C6C62CAE8CAA007F99F0 /* IEWidthFixView.swift in Sources */ = {isa = PBXBuildFile; fileRef = 2125C6B12CAE8CAA007F99F0 /* IEWidthFixView.swift */; };
		2125C6C72CAE8CAA007F99F0 /* MFView.swift in Sources */ = {isa = PBXBuildFile; fileRef = 2125C6B32CAE8CAA007F99F0 /* MFView.swift */; };
		2125C6C82CAE8CAA007F99F0 /* ContentView.swift in Sources */ = {isa = PBXBuildFile; fileRef = 2125C6B62CAE8CAA007F99F0 /* ContentView.swift */; };
		2125C6CA2CAE8E0F007F99F0 /* IERatioChangeView.swift in Sources */ = {isa = PBXBuildFile; fileRef = 2125C6C92CAE8E0F007F99F0 /* IERatioChangeView.swift */; };
		2125C6CC2CB02436007F99F0 /* ImageResizeView.swift in Sources */ = {isa = PBXBuildFile; fileRef = 2125C6CB2CB02436007F99F0 /* ImageResizeView.swift */; };
/* End PBXBuildFile section */

/* Begin PBXContainerItemProxy section */
		89A94AC02CA9B66300824592 /* PBXContainerItemProxy */ = {
			isa = PBXContainerItemProxy;
			containerPortal = 89A94AA72CA9B64C00824592 /* Project object */;
			proxyType = 1;
			remoteGlobalIDString = 89A94AAE2CA9B64C00824592;
			remoteInfo = "2024-MacC-M4-6princess";
		};
		89A94ACA2CA9B66300824592 /* PBXContainerItemProxy */ = {
			isa = PBXContainerItemProxy;
			containerPortal = 89A94AA72CA9B64C00824592 /* Project object */;
			proxyType = 1;
			remoteGlobalIDString = 89A94AAE2CA9B64C00824592;
			remoteInfo = "2024-MacC-M4-6princess";
		};
/* End PBXContainerItemProxy section */

/* Begin PBXFileReference section */
		2125C69D2CAE8CAA007F99F0 /* Preview Assets.xcassets */ = {isa = PBXFileReference; lastKnownFileType = folder.assetcatalog; path = "Preview Assets.xcassets"; sourceTree = "<group>"; };
		2125C69F2CAE8CAA007F99F0 /* Assets.xcassets */ = {isa = PBXFileReference; lastKnownFileType = folder.assetcatalog; path = Assets.xcassets; sourceTree = "<group>"; };
		2125C6A12CAE8CAA007F99F0 /* Constants.swift */ = {isa = PBXFileReference; lastKnownFileType = sourcecode.swift; path = Constants.swift; sourceTree = "<group>"; };
		2125C6A42CAE8CAA007F99F0 /* _024_MacC_M4_6princessApp.swift */ = {isa = PBXFileReference; lastKnownFileType = sourcecode.swift; path = _024_MacC_M4_6princessApp.swift; sourceTree = "<group>"; };
		2125C6A62CAE8CAA007F99F0 /* Model.swift */ = {isa = PBXFileReference; lastKnownFileType = sourcecode.swift; path = Model.swift; sourceTree = "<group>"; };
		2125C6A82CAE8CAA007F99F0 /* CameraView.swift */ = {isa = PBXFileReference; lastKnownFileType = sourcecode.swift; path = CameraView.swift; sourceTree = "<group>"; };
		2125C6AA2CAE8CAA007F99F0 /* DFView.swift */ = {isa = PBXFileReference; lastKnownFileType = sourcecode.swift; path = DFView.swift; sourceTree = "<group>"; };
		2125C6AC2CAE8CAA007F99F0 /* IEDevelopView.swift */ = {isa = PBXFileReference; lastKnownFileType = sourcecode.swift; path = IEDevelopView.swift; sourceTree = "<group>"; };
		2125C6AD2CAE8CAA007F99F0 /* IEMagnifyGestureTestView.swift */ = {isa = PBXFileReference; lastKnownFileType = sourcecode.swift; path = IEMagnifyGestureTestView.swift; sourceTree = "<group>"; };
		2125C6AE2CAE8CAA007F99F0 /* IERatioChangeTestView.swift */ = {isa = PBXFileReference; lastKnownFileType = sourcecode.swift; path = IERatioChangeTestView.swift; sourceTree = "<group>"; };
		2125C6AF2CAE8CAA007F99F0 /* IETestStack.swift */ = {isa = PBXFileReference; lastKnownFileType = sourcecode.swift; path = IETestStack.swift; sourceTree = "<group>"; };
		2125C6B02CAE8CAA007F99F0 /* IEView.swift */ = {isa = PBXFileReference; lastKnownFileType = sourcecode.swift; path = IEView.swift; sourceTree = "<group>"; };
		2125C6B12CAE8CAA007F99F0 /* IEWidthFixView.swift */ = {isa = PBXFileReference; lastKnownFileType = sourcecode.swift; path = IEWidthFixView.swift; sourceTree = "<group>"; };
		2125C6B32CAE8CAA007F99F0 /* MFView.swift */ = {isa = PBXFileReference; lastKnownFileType = sourcecode.swift; path = MFView.swift; sourceTree = "<group>"; };
		2125C6B62CAE8CAA007F99F0 /* ContentView.swift */ = {isa = PBXFileReference; lastKnownFileType = sourcecode.swift; path = ContentView.swift; sourceTree = "<group>"; };
		2125C6C92CAE8E0F007F99F0 /* IERatioChangeView.swift */ = {isa = PBXFileReference; lastKnownFileType = sourcecode.swift; path = IERatioChangeView.swift; sourceTree = "<group>"; };
		2125C6CB2CB02436007F99F0 /* ImageResizeView.swift */ = {isa = PBXFileReference; lastKnownFileType = sourcecode.swift; path = ImageResizeView.swift; sourceTree = "<group>"; };
		89A94AAF2CA9B64C00824592 /* 2024-MacC-M4-6princess.app */ = {isa = PBXFileReference; explicitFileType = wrapper.application; includeInIndex = 0; path = "2024-MacC-M4-6princess.app"; sourceTree = BUILT_PRODUCTS_DIR; };
		89A94ABF2CA9B66300824592 /* 2024-MacC-M4-6princessTests.xctest */ = {isa = PBXFileReference; explicitFileType = wrapper.cfbundle; includeInIndex = 0; path = "2024-MacC-M4-6princessTests.xctest"; sourceTree = BUILT_PRODUCTS_DIR; };
		89A94AC92CA9B66300824592 /* 2024-MacC-M4-6princessUITests.xctest */ = {isa = PBXFileReference; explicitFileType = wrapper.cfbundle; includeInIndex = 0; path = "2024-MacC-M4-6princessUITests.xctest"; sourceTree = BUILT_PRODUCTS_DIR; };
/* End PBXFileReference section */

/* Begin PBXFrameworksBuildPhase section */
		89A94AAC2CA9B64C00824592 /* Frameworks */ = {
			isa = PBXFrameworksBuildPhase;
			buildActionMask = 2147483647;
			files = (
			);
			runOnlyForDeploymentPostprocessing = 0;
		};
		89A94ABC2CA9B66300824592 /* Frameworks */ = {
			isa = PBXFrameworksBuildPhase;
			buildActionMask = 2147483647;
			files = (
			);
			runOnlyForDeploymentPostprocessing = 0;
		};
		89A94AC62CA9B66300824592 /* Frameworks */ = {
			isa = PBXFrameworksBuildPhase;
			buildActionMask = 2147483647;
			files = (
			);
			runOnlyForDeploymentPostprocessing = 0;
		};
/* End PBXFrameworksBuildPhase section */

/* Begin PBXGroup section */
		2125C69E2CAE8CAA007F99F0 /* Preview Content */ = {
			isa = PBXGroup;
			children = (
				2125C69D2CAE8CAA007F99F0 /* Preview Assets.xcassets */,
			);
			path = "Preview Content";
			sourceTree = "<group>";
		};
		2125C6A02CAE8CAA007F99F0 /* Assets */ = {
			isa = PBXGroup;
			children = (
				2125C69F2CAE8CAA007F99F0 /* Assets.xcassets */,
			);
			path = Assets;
			sourceTree = "<group>";
		};
		2125C6A22CAE8CAA007F99F0 /* Extensions */ = {
			isa = PBXGroup;
			children = (
				2125C6A12CAE8CAA007F99F0 /* Constants.swift */,
			);
			path = Extensions;
			sourceTree = "<group>";
		};
		2125C6A32CAE8CAA007F99F0 /* Resource */ = {
			isa = PBXGroup;
			children = (
				2125C6A02CAE8CAA007F99F0 /* Assets */,
				2125C6A22CAE8CAA007F99F0 /* Extensions */,
			);
			path = Resource;
			sourceTree = "<group>";
		};
		2125C6A52CAE8CAA007F99F0 /* App */ = {
			isa = PBXGroup;
			children = (
				2125C6A42CAE8CAA007F99F0 /* _024_MacC_M4_6princessApp.swift */,
			);
			path = App;
			sourceTree = "<group>";
		};
		2125C6A72CAE8CAA007F99F0 /* Model */ = {
			isa = PBXGroup;
			children = (
				2125C6A62CAE8CAA007F99F0 /* Model.swift */,
			);
			path = Model;
			sourceTree = "<group>";
		};
		2125C6A92CAE8CAA007F99F0 /* Camera */ = {
			isa = PBXGroup;
			children = (
				2125C6A82CAE8CAA007F99F0 /* CameraView.swift */,
			);
			path = Camera;
			sourceTree = "<group>";
		};
		2125C6AB2CAE8CAA007F99F0 /* DesignFrame */ = {
			isa = PBXGroup;
			children = (
				2125C6AA2CAE8CAA007F99F0 /* DFView.swift */,
			);
			path = DesignFrame;
			sourceTree = "<group>";
		};
		2125C6B22CAE8CAA007F99F0 /* ImageEdit */ = {
			isa = PBXGroup;
			children = (
				2125C6AC2CAE8CAA007F99F0 /* IEDevelopView.swift */,
				2125C6AD2CAE8CAA007F99F0 /* IEMagnifyGestureTestView.swift */,
				2125C6AE2CAE8CAA007F99F0 /* IERatioChangeTestView.swift */,
				2125C6C92CAE8E0F007F99F0 /* IERatioChangeView.swift */,
				2125C6AF2CAE8CAA007F99F0 /* IETestStack.swift */,
				2125C6B02CAE8CAA007F99F0 /* IEView.swift */,
				2125C6B12CAE8CAA007F99F0 /* IEWidthFixView.swift */,
				2125C6CB2CB02436007F99F0 /* ImageResizeView.swift */,
			);
			path = ImageEdit;
			sourceTree = "<group>";
		};
		2125C6B42CAE8CAA007F99F0 /* ManageFrame */ = {
			isa = PBXGroup;
			children = (
				2125C6B32CAE8CAA007F99F0 /* MFView.swift */,
			);
			path = ManageFrame;
			sourceTree = "<group>";
		};
		2125C6B52CAE8CAA007F99F0 /* Frame */ = {
			isa = PBXGroup;
			children = (
				2125C6AB2CAE8CAA007F99F0 /* DesignFrame */,
				2125C6B22CAE8CAA007F99F0 /* ImageEdit */,
				2125C6B42CAE8CAA007F99F0 /* ManageFrame */,
			);
			path = Frame;
			sourceTree = "<group>";
		};
		2125C6B72CAE8CAA007F99F0 /* View */ = {
			isa = PBXGroup;
			children = (
				2125C6A92CAE8CAA007F99F0 /* Camera */,
				2125C6B52CAE8CAA007F99F0 /* Frame */,
				2125C6B62CAE8CAA007F99F0 /* ContentView.swift */,
			);
			path = View;
			sourceTree = "<group>";
		};
		2125C6B82CAE8CAA007F99F0 /* Source */ = {
			isa = PBXGroup;
			children = (
				2125C6A52CAE8CAA007F99F0 /* App */,
				2125C6A72CAE8CAA007F99F0 /* Model */,
				2125C6B72CAE8CAA007F99F0 /* View */,
			);
			path = Source;
			sourceTree = "<group>";
		};
		2125C6B92CAE8CAA007F99F0 /* 2024-MacC-M4-6princess */ = {
			isa = PBXGroup;
			children = (
				2125C69E2CAE8CAA007F99F0 /* Preview Content */,
				2125C6A32CAE8CAA007F99F0 /* Resource */,
				2125C6B82CAE8CAA007F99F0 /* Source */,
			);
			path = "2024-MacC-M4-6princess";
			sourceTree = "<group>";
		};
		89A94AA62CA9B64C00824592 = {
			isa = PBXGroup;
			children = (
				2125C6B92CAE8CAA007F99F0 /* 2024-MacC-M4-6princess */,
				89A94AB02CA9B64C00824592 /* Products */,
			);
			sourceTree = "<group>";
		};
		89A94AB02CA9B64C00824592 /* Products */ = {
			isa = PBXGroup;
			children = (
				89A94AAF2CA9B64C00824592 /* 2024-MacC-M4-6princess.app */,
				89A94ABF2CA9B66300824592 /* 2024-MacC-M4-6princessTests.xctest */,
				89A94AC92CA9B66300824592 /* 2024-MacC-M4-6princessUITests.xctest */,
			);
			name = Products;
			sourceTree = "<group>";
		};
/* End PBXGroup section */

/* Begin PBXNativeTarget section */
		89A94AAE2CA9B64C00824592 /* 2024-MacC-M4-6princess */ = {
			isa = PBXNativeTarget;
			buildConfigurationList = 89A94AD32CA9B66300824592 /* Build configuration list for PBXNativeTarget "2024-MacC-M4-6princess" */;
			buildPhases = (
				89A94AAB2CA9B64C00824592 /* Sources */,
				89A94AAC2CA9B64C00824592 /* Frameworks */,
				89A94AAD2CA9B64C00824592 /* Resources */,
			);
			buildRules = (
			);
			dependencies = (
			);
			name = "2024-MacC-M4-6princess";
			packageProductDependencies = (
			);
			productName = "2024-MacC-M4-6princess";
			productReference = 89A94AAF2CA9B64C00824592 /* 2024-MacC-M4-6princess.app */;
			productType = "com.apple.product-type.application";
		};
		89A94ABE2CA9B66300824592 /* 2024-MacC-M4-6princessTests */ = {
			isa = PBXNativeTarget;
			buildConfigurationList = 89A94AD62CA9B66300824592 /* Build configuration list for PBXNativeTarget "2024-MacC-M4-6princessTests" */;
			buildPhases = (
				89A94ABB2CA9B66300824592 /* Sources */,
				89A94ABC2CA9B66300824592 /* Frameworks */,
				89A94ABD2CA9B66300824592 /* Resources */,
			);
			buildRules = (
			);
			dependencies = (
				89A94AC12CA9B66300824592 /* PBXTargetDependency */,
			);
			name = "2024-MacC-M4-6princessTests";
			packageProductDependencies = (
			);
			productName = "2024-MacC-M4-6princessTests";
			productReference = 89A94ABF2CA9B66300824592 /* 2024-MacC-M4-6princessTests.xctest */;
			productType = "com.apple.product-type.bundle.unit-test";
		};
		89A94AC82CA9B66300824592 /* 2024-MacC-M4-6princessUITests */ = {
			isa = PBXNativeTarget;
			buildConfigurationList = 89A94AD92CA9B66300824592 /* Build configuration list for PBXNativeTarget "2024-MacC-M4-6princessUITests" */;
			buildPhases = (
				89A94AC52CA9B66300824592 /* Sources */,
				89A94AC62CA9B66300824592 /* Frameworks */,
				89A94AC72CA9B66300824592 /* Resources */,
			);
			buildRules = (
			);
			dependencies = (
				89A94ACB2CA9B66300824592 /* PBXTargetDependency */,
			);
			name = "2024-MacC-M4-6princessUITests";
			packageProductDependencies = (
			);
			productName = "2024-MacC-M4-6princessUITests";
			productReference = 89A94AC92CA9B66300824592 /* 2024-MacC-M4-6princessUITests.xctest */;
			productType = "com.apple.product-type.bundle.ui-testing";
		};
/* End PBXNativeTarget section */

/* Begin PBXProject section */
		89A94AA72CA9B64C00824592 /* Project object */ = {
			isa = PBXProject;
			attributes = {
				BuildIndependentTargetsInParallel = 1;
				LastSwiftUpdateCheck = 1600;
				LastUpgradeCheck = 1600;
				TargetAttributes = {
					89A94AAE2CA9B64C00824592 = {
						CreatedOnToolsVersion = 16.0;
					};
					89A94ABE2CA9B66300824592 = {
						CreatedOnToolsVersion = 16.0;
						TestTargetID = 89A94AAE2CA9B64C00824592;
					};
					89A94AC82CA9B66300824592 = {
						CreatedOnToolsVersion = 16.0;
						TestTargetID = 89A94AAE2CA9B64C00824592;
					};
				};
			};
			buildConfigurationList = 89A94AAA2CA9B64C00824592 /* Build configuration list for PBXProject "2024-MacC-M4-6princess" */;
			developmentRegion = en;
			hasScannedForEncodings = 0;
			knownRegions = (
				en,
				Base,
			);
			mainGroup = 89A94AA62CA9B64C00824592;
			minimizedProjectReferenceProxies = 1;
			preferredProjectObjectVersion = 77;
			productRefGroup = 89A94AB02CA9B64C00824592 /* Products */;
			projectDirPath = "";
			projectRoot = "";
			targets = (
				89A94AAE2CA9B64C00824592 /* 2024-MacC-M4-6princess */,
				89A94ABE2CA9B66300824592 /* 2024-MacC-M4-6princessTests */,
				89A94AC82CA9B66300824592 /* 2024-MacC-M4-6princessUITests */,
			);
		};
/* End PBXProject section */

/* Begin PBXResourcesBuildPhase section */
		89A94AAD2CA9B64C00824592 /* Resources */ = {
			isa = PBXResourcesBuildPhase;
			buildActionMask = 2147483647;
			files = (
				2125C6BA2CAE8CAA007F99F0 /* Preview Assets.xcassets in Resources */,
				2125C6BB2CAE8CAA007F99F0 /* Assets.xcassets in Resources */,
			);
			runOnlyForDeploymentPostprocessing = 0;
		};
		89A94ABD2CA9B66300824592 /* Resources */ = {
			isa = PBXResourcesBuildPhase;
			buildActionMask = 2147483647;
			files = (
			);
			runOnlyForDeploymentPostprocessing = 0;
		};
		89A94AC72CA9B66300824592 /* Resources */ = {
			isa = PBXResourcesBuildPhase;
			buildActionMask = 2147483647;
			files = (
			);
			runOnlyForDeploymentPostprocessing = 0;
		};
/* End PBXResourcesBuildPhase section */

/* Begin PBXSourcesBuildPhase section */
		89A94AAB2CA9B64C00824592 /* Sources */ = {
			isa = PBXSourcesBuildPhase;
			buildActionMask = 2147483647;
			files = (
				2125C6BC2CAE8CAA007F99F0 /* Constants.swift in Sources */,
				2125C6BD2CAE8CAA007F99F0 /* _024_MacC_M4_6princessApp.swift in Sources */,
				2125C6BE2CAE8CAA007F99F0 /* Model.swift in Sources */,
				2125C6BF2CAE8CAA007F99F0 /* CameraView.swift in Sources */,
				2125C6C02CAE8CAA007F99F0 /* DFView.swift in Sources */,
				2125C6CC2CB02436007F99F0 /* ImageResizeView.swift in Sources */,
				2125C6C12CAE8CAA007F99F0 /* IEDevelopView.swift in Sources */,
				2125C6C22CAE8CAA007F99F0 /* IEMagnifyGestureTestView.swift in Sources */,
				2125C6C32CAE8CAA007F99F0 /* IERatioChangeTestView.swift in Sources */,
				2125C6CA2CAE8E0F007F99F0 /* IERatioChangeView.swift in Sources */,
				2125C6C42CAE8CAA007F99F0 /* IETestStack.swift in Sources */,
				2125C6C52CAE8CAA007F99F0 /* IEView.swift in Sources */,
				2125C6C62CAE8CAA007F99F0 /* IEWidthFixView.swift in Sources */,
				2125C6C72CAE8CAA007F99F0 /* MFView.swift in Sources */,
				2125C6C82CAE8CAA007F99F0 /* ContentView.swift in Sources */,
			);
			runOnlyForDeploymentPostprocessing = 0;
		};
		89A94ABB2CA9B66300824592 /* Sources */ = {
			isa = PBXSourcesBuildPhase;
			buildActionMask = 2147483647;
			files = (
			);
			runOnlyForDeploymentPostprocessing = 0;
		};
		89A94AC52CA9B66300824592 /* Sources */ = {
			isa = PBXSourcesBuildPhase;
			buildActionMask = 2147483647;
			files = (
			);
			runOnlyForDeploymentPostprocessing = 0;
		};
/* End PBXSourcesBuildPhase section */

/* Begin PBXTargetDependency section */
		89A94AC12CA9B66300824592 /* PBXTargetDependency */ = {
			isa = PBXTargetDependency;
			target = 89A94AAE2CA9B64C00824592 /* 2024-MacC-M4-6princess */;
			targetProxy = 89A94AC02CA9B66300824592 /* PBXContainerItemProxy */;
		};
		89A94ACB2CA9B66300824592 /* PBXTargetDependency */ = {
			isa = PBXTargetDependency;
			target = 89A94AAE2CA9B64C00824592 /* 2024-MacC-M4-6princess */;
			targetProxy = 89A94ACA2CA9B66300824592 /* PBXContainerItemProxy */;
		};
/* End PBXTargetDependency section */

/* Begin XCBuildConfiguration section */
		89A94AD12CA9B66300824592 /* Debug */ = {
			isa = XCBuildConfiguration;
			buildSettings = {
				ALWAYS_SEARCH_USER_PATHS = NO;
				ASSETCATALOG_COMPILER_GENERATE_SWIFT_ASSET_SYMBOL_EXTENSIONS = YES;
				CLANG_ANALYZER_NONNULL = YES;
				CLANG_ANALYZER_NUMBER_OBJECT_CONVERSION = YES_AGGRESSIVE;
				CLANG_CXX_LANGUAGE_STANDARD = "gnu++20";
				CLANG_ENABLE_MODULES = YES;
				CLANG_ENABLE_OBJC_ARC = YES;
				CLANG_ENABLE_OBJC_WEAK = YES;
				CLANG_WARN_BLOCK_CAPTURE_AUTORELEASING = YES;
				CLANG_WARN_BOOL_CONVERSION = YES;
				CLANG_WARN_COMMA = YES;
				CLANG_WARN_CONSTANT_CONVERSION = YES;
				CLANG_WARN_DEPRECATED_OBJC_IMPLEMENTATIONS = YES;
				CLANG_WARN_DIRECT_OBJC_ISA_USAGE = YES_ERROR;
				CLANG_WARN_DOCUMENTATION_COMMENTS = YES;
				CLANG_WARN_EMPTY_BODY = YES;
				CLANG_WARN_ENUM_CONVERSION = YES;
				CLANG_WARN_INFINITE_RECURSION = YES;
				CLANG_WARN_INT_CONVERSION = YES;
				CLANG_WARN_NON_LITERAL_NULL_CONVERSION = YES;
				CLANG_WARN_OBJC_IMPLICIT_RETAIN_SELF = YES;
				CLANG_WARN_OBJC_LITERAL_CONVERSION = YES;
				CLANG_WARN_OBJC_ROOT_CLASS = YES_ERROR;
				CLANG_WARN_QUOTED_INCLUDE_IN_FRAMEWORK_HEADER = YES;
				CLANG_WARN_RANGE_LOOP_ANALYSIS = YES;
				CLANG_WARN_STRICT_PROTOTYPES = YES;
				CLANG_WARN_SUSPICIOUS_MOVE = YES;
				CLANG_WARN_UNGUARDED_AVAILABILITY = YES_AGGRESSIVE;
				CLANG_WARN_UNREACHABLE_CODE = YES;
				CLANG_WARN__DUPLICATE_METHOD_MATCH = YES;
				COPY_PHASE_STRIP = NO;
				DEBUG_INFORMATION_FORMAT = dwarf;
				ENABLE_STRICT_OBJC_MSGSEND = YES;
				ENABLE_TESTABILITY = YES;
				ENABLE_USER_SCRIPT_SANDBOXING = YES;
				GCC_C_LANGUAGE_STANDARD = gnu17;
				GCC_DYNAMIC_NO_PIC = NO;
				GCC_NO_COMMON_BLOCKS = YES;
				GCC_OPTIMIZATION_LEVEL = 0;
				GCC_PREPROCESSOR_DEFINITIONS = (
					"DEBUG=1",
					"$(inherited)",
				);
				GCC_WARN_64_TO_32_BIT_CONVERSION = YES;
				GCC_WARN_ABOUT_RETURN_TYPE = YES_ERROR;
				GCC_WARN_UNDECLARED_SELECTOR = YES;
				GCC_WARN_UNINITIALIZED_AUTOS = YES_AGGRESSIVE;
				GCC_WARN_UNUSED_FUNCTION = YES;
				GCC_WARN_UNUSED_VARIABLE = YES;
				IPHONEOS_DEPLOYMENT_TARGET = 18.0;
				LOCALIZATION_PREFERS_STRING_CATALOGS = YES;
				MTL_ENABLE_DEBUG_INFO = INCLUDE_SOURCE;
				MTL_FAST_MATH = YES;
				ONLY_ACTIVE_ARCH = YES;
				SDKROOT = iphoneos;
				SWIFT_ACTIVE_COMPILATION_CONDITIONS = "DEBUG $(inherited)";
				SWIFT_OPTIMIZATION_LEVEL = "-Onone";
			};
			name = Debug;
		};
		89A94AD22CA9B66300824592 /* Release */ = {
			isa = XCBuildConfiguration;
			buildSettings = {
				ALWAYS_SEARCH_USER_PATHS = NO;
				ASSETCATALOG_COMPILER_GENERATE_SWIFT_ASSET_SYMBOL_EXTENSIONS = YES;
				CLANG_ANALYZER_NONNULL = YES;
				CLANG_ANALYZER_NUMBER_OBJECT_CONVERSION = YES_AGGRESSIVE;
				CLANG_CXX_LANGUAGE_STANDARD = "gnu++20";
				CLANG_ENABLE_MODULES = YES;
				CLANG_ENABLE_OBJC_ARC = YES;
				CLANG_ENABLE_OBJC_WEAK = YES;
				CLANG_WARN_BLOCK_CAPTURE_AUTORELEASING = YES;
				CLANG_WARN_BOOL_CONVERSION = YES;
				CLANG_WARN_COMMA = YES;
				CLANG_WARN_CONSTANT_CONVERSION = YES;
				CLANG_WARN_DEPRECATED_OBJC_IMPLEMENTATIONS = YES;
				CLANG_WARN_DIRECT_OBJC_ISA_USAGE = YES_ERROR;
				CLANG_WARN_DOCUMENTATION_COMMENTS = YES;
				CLANG_WARN_EMPTY_BODY = YES;
				CLANG_WARN_ENUM_CONVERSION = YES;
				CLANG_WARN_INFINITE_RECURSION = YES;
				CLANG_WARN_INT_CONVERSION = YES;
				CLANG_WARN_NON_LITERAL_NULL_CONVERSION = YES;
				CLANG_WARN_OBJC_IMPLICIT_RETAIN_SELF = YES;
				CLANG_WARN_OBJC_LITERAL_CONVERSION = YES;
				CLANG_WARN_OBJC_ROOT_CLASS = YES_ERROR;
				CLANG_WARN_QUOTED_INCLUDE_IN_FRAMEWORK_HEADER = YES;
				CLANG_WARN_RANGE_LOOP_ANALYSIS = YES;
				CLANG_WARN_STRICT_PROTOTYPES = YES;
				CLANG_WARN_SUSPICIOUS_MOVE = YES;
				CLANG_WARN_UNGUARDED_AVAILABILITY = YES_AGGRESSIVE;
				CLANG_WARN_UNREACHABLE_CODE = YES;
				CLANG_WARN__DUPLICATE_METHOD_MATCH = YES;
				COPY_PHASE_STRIP = NO;
				DEBUG_INFORMATION_FORMAT = "dwarf-with-dsym";
				ENABLE_NS_ASSERTIONS = NO;
				ENABLE_STRICT_OBJC_MSGSEND = YES;
				ENABLE_USER_SCRIPT_SANDBOXING = YES;
				GCC_C_LANGUAGE_STANDARD = gnu17;
				GCC_NO_COMMON_BLOCKS = YES;
				GCC_WARN_64_TO_32_BIT_CONVERSION = YES;
				GCC_WARN_ABOUT_RETURN_TYPE = YES_ERROR;
				GCC_WARN_UNDECLARED_SELECTOR = YES;
				GCC_WARN_UNINITIALIZED_AUTOS = YES_AGGRESSIVE;
				GCC_WARN_UNUSED_FUNCTION = YES;
				GCC_WARN_UNUSED_VARIABLE = YES;
				IPHONEOS_DEPLOYMENT_TARGET = 18.0;
				LOCALIZATION_PREFERS_STRING_CATALOGS = YES;
				MTL_ENABLE_DEBUG_INFO = NO;
				MTL_FAST_MATH = YES;
				SDKROOT = iphoneos;
				SWIFT_COMPILATION_MODE = wholemodule;
				VALIDATE_PRODUCT = YES;
			};
			name = Release;
		};
		89A94AD42CA9B66300824592 /* Debug */ = {
			isa = XCBuildConfiguration;
			buildSettings = {
				ASSETCATALOG_COMPILER_APPICON_NAME = AppIcon;
				ASSETCATALOG_COMPILER_GLOBAL_ACCENT_COLOR_NAME = AccentColor;
				CODE_SIGN_STYLE = Automatic;
				CURRENT_PROJECT_VERSION = 1;
				DEVELOPMENT_ASSET_PATHS = "\"2024-MacC-M4-6princess/Preview Content\"";
				DEVELOPMENT_TEAM = F5WP2FDW4U;
				ENABLE_PREVIEWS = YES;
				GENERATE_INFOPLIST_FILE = YES;
				INFOPLIST_KEY_NSPhotoLibraryAddUsageDescription = "사진저장을하기위해권한을허용해주세요";
				INFOPLIST_KEY_UIApplicationSceneManifest_Generation = YES;
				INFOPLIST_KEY_UIApplicationSupportsIndirectInputEvents = YES;
				INFOPLIST_KEY_UILaunchScreen_Generation = YES;
				INFOPLIST_KEY_UISupportedInterfaceOrientations_iPad = "UIInterfaceOrientationPortrait UIInterfaceOrientationPortraitUpsideDown UIInterfaceOrientationLandscapeLeft UIInterfaceOrientationLandscapeRight";
				INFOPLIST_KEY_UISupportedInterfaceOrientations_iPhone = "UIInterfaceOrientationPortrait UIInterfaceOrientationLandscapeLeft UIInterfaceOrientationLandscapeRight";
				LD_RUNPATH_SEARCH_PATHS = (
					"$(inherited)",
					"@executable_path/Frameworks",
				);
				MARKETING_VERSION = 1.0;
				PRODUCT_BUNDLE_IDENTIFIER = "LeeYeeun-Kim.-024-MacC-M4-6princess";
				PRODUCT_NAME = "$(TARGET_NAME)";
				SWIFT_EMIT_LOC_STRINGS = YES;
				SWIFT_VERSION = 5.0;
				TARGETED_DEVICE_FAMILY = "1,2";
			};
			name = Debug;
		};
		89A94AD52CA9B66300824592 /* Release */ = {
			isa = XCBuildConfiguration;
			buildSettings = {
				ASSETCATALOG_COMPILER_APPICON_NAME = AppIcon;
				ASSETCATALOG_COMPILER_GLOBAL_ACCENT_COLOR_NAME = AccentColor;
				CODE_SIGN_STYLE = Automatic;
				CURRENT_PROJECT_VERSION = 1;
				DEVELOPMENT_ASSET_PATHS = "\"2024-MacC-M4-6princess/Preview Content\"";
				DEVELOPMENT_TEAM = F5WP2FDW4U;
				ENABLE_PREVIEWS = YES;
				GENERATE_INFOPLIST_FILE = YES;
				INFOPLIST_KEY_NSPhotoLibraryAddUsageDescription = "사진저장을하기위해권한을허용해주세요";
				INFOPLIST_KEY_UIApplicationSceneManifest_Generation = YES;
				INFOPLIST_KEY_UIApplicationSupportsIndirectInputEvents = YES;
				INFOPLIST_KEY_UILaunchScreen_Generation = YES;
				INFOPLIST_KEY_UISupportedInterfaceOrientations_iPad = "UIInterfaceOrientationPortrait UIInterfaceOrientationPortraitUpsideDown UIInterfaceOrientationLandscapeLeft UIInterfaceOrientationLandscapeRight";
				INFOPLIST_KEY_UISupportedInterfaceOrientations_iPhone = "UIInterfaceOrientationPortrait UIInterfaceOrientationLandscapeLeft UIInterfaceOrientationLandscapeRight";
				LD_RUNPATH_SEARCH_PATHS = (
					"$(inherited)",
					"@executable_path/Frameworks",
				);
				MARKETING_VERSION = 1.0;
				PRODUCT_BUNDLE_IDENTIFIER = "LeeYeeun-Kim.-024-MacC-M4-6princess";
				PRODUCT_NAME = "$(TARGET_NAME)";
				SWIFT_EMIT_LOC_STRINGS = YES;
				SWIFT_VERSION = 5.0;
				TARGETED_DEVICE_FAMILY = "1,2";
			};
			name = Release;
		};
		89A94AD72CA9B66300824592 /* Debug */ = {
			isa = XCBuildConfiguration;
			buildSettings = {
				BUNDLE_LOADER = "$(TEST_HOST)";
				CODE_SIGN_STYLE = Automatic;
				CURRENT_PROJECT_VERSION = 1;
				DEVELOPMENT_TEAM = 8D32S9PLZ6;
				GENERATE_INFOPLIST_FILE = YES;
				IPHONEOS_DEPLOYMENT_TARGET = 18.0;
				MARKETING_VERSION = 1.0;
				PRODUCT_BUNDLE_IDENTIFIER = "LeeYeeun-Kim.-024-MacC-M4-6princessTests";
				PRODUCT_NAME = "$(TARGET_NAME)";
				SWIFT_EMIT_LOC_STRINGS = NO;
				SWIFT_VERSION = 5.0;
				TARGETED_DEVICE_FAMILY = "1,2";
				TEST_HOST = "$(BUILT_PRODUCTS_DIR)/2024-MacC-M4-6princess.app/$(BUNDLE_EXECUTABLE_FOLDER_PATH)/2024-MacC-M4-6princess";
			};
			name = Debug;
		};
		89A94AD82CA9B66300824592 /* Release */ = {
			isa = XCBuildConfiguration;
			buildSettings = {
				BUNDLE_LOADER = "$(TEST_HOST)";
				CODE_SIGN_STYLE = Automatic;
				CURRENT_PROJECT_VERSION = 1;
				DEVELOPMENT_TEAM = 8D32S9PLZ6;
				GENERATE_INFOPLIST_FILE = YES;
				IPHONEOS_DEPLOYMENT_TARGET = 18.0;
				MARKETING_VERSION = 1.0;
				PRODUCT_BUNDLE_IDENTIFIER = "LeeYeeun-Kim.-024-MacC-M4-6princessTests";
				PRODUCT_NAME = "$(TARGET_NAME)";
				SWIFT_EMIT_LOC_STRINGS = NO;
				SWIFT_VERSION = 5.0;
				TARGETED_DEVICE_FAMILY = "1,2";
				TEST_HOST = "$(BUILT_PRODUCTS_DIR)/2024-MacC-M4-6princess.app/$(BUNDLE_EXECUTABLE_FOLDER_PATH)/2024-MacC-M4-6princess";
			};
			name = Release;
		};
		89A94ADA2CA9B66300824592 /* Debug */ = {
			isa = XCBuildConfiguration;
			buildSettings = {
				CODE_SIGN_STYLE = Automatic;
				CURRENT_PROJECT_VERSION = 1;
				DEVELOPMENT_TEAM = 8D32S9PLZ6;
				GENERATE_INFOPLIST_FILE = YES;
				MARKETING_VERSION = 1.0;
				PRODUCT_BUNDLE_IDENTIFIER = "LeeYeeun-Kim.-024-MacC-M4-6princessUITests";
				PRODUCT_NAME = "$(TARGET_NAME)";
				SWIFT_EMIT_LOC_STRINGS = NO;
				SWIFT_VERSION = 5.0;
				TARGETED_DEVICE_FAMILY = "1,2";
				TEST_TARGET_NAME = "2024-MacC-M4-6princess";
			};
			name = Debug;
		};
		89A94ADB2CA9B66300824592 /* Release */ = {
			isa = XCBuildConfiguration;
			buildSettings = {
				CODE_SIGN_STYLE = Automatic;
				CURRENT_PROJECT_VERSION = 1;
				DEVELOPMENT_TEAM = 8D32S9PLZ6;
				GENERATE_INFOPLIST_FILE = YES;
				MARKETING_VERSION = 1.0;
				PRODUCT_BUNDLE_IDENTIFIER = "LeeYeeun-Kim.-024-MacC-M4-6princessUITests";
				PRODUCT_NAME = "$(TARGET_NAME)";
				SWIFT_EMIT_LOC_STRINGS = NO;
				SWIFT_VERSION = 5.0;
				TARGETED_DEVICE_FAMILY = "1,2";
				TEST_TARGET_NAME = "2024-MacC-M4-6princess";
			};
			name = Release;
		};
/* End XCBuildConfiguration section */

/* Begin XCConfigurationList section */
		89A94AAA2CA9B64C00824592 /* Build configuration list for PBXProject "2024-MacC-M4-6princess" */ = {
			isa = XCConfigurationList;
			buildConfigurations = (
				89A94AD12CA9B66300824592 /* Debug */,
				89A94AD22CA9B66300824592 /* Release */,
			);
			defaultConfigurationIsVisible = 0;
			defaultConfigurationName = Release;
		};
		89A94AD32CA9B66300824592 /* Build configuration list for PBXNativeTarget "2024-MacC-M4-6princess" */ = {
			isa = XCConfigurationList;
			buildConfigurations = (
				89A94AD42CA9B66300824592 /* Debug */,
				89A94AD52CA9B66300824592 /* Release */,
			);
			defaultConfigurationIsVisible = 0;
			defaultConfigurationName = Release;
		};
		89A94AD62CA9B66300824592 /* Build configuration list for PBXNativeTarget "2024-MacC-M4-6princessTests" */ = {
			isa = XCConfigurationList;
			buildConfigurations = (
				89A94AD72CA9B66300824592 /* Debug */,
				89A94AD82CA9B66300824592 /* Release */,
			);
			defaultConfigurationIsVisible = 0;
			defaultConfigurationName = Release;
		};
		89A94AD92CA9B66300824592 /* Build configuration list for PBXNativeTarget "2024-MacC-M4-6princessUITests" */ = {
			isa = XCConfigurationList;
			buildConfigurations = (
				89A94ADA2CA9B66300824592 /* Debug */,
				89A94ADB2CA9B66300824592 /* Release */,
			);
			defaultConfigurationIsVisible = 0;
			defaultConfigurationName = Release;
		};
/* End XCConfigurationList section */
	};
	rootObject = 89A94AA72CA9B64C00824592 /* Project object */;
}
